
Microsoft Visual Studio Solution File, Format Version 12.00
# Visual Studio 14
VisualStudioVersion = 14.0.25420.1
MinimumVisualStudioVersion = 12.0.31101.0
Project("{FAE04EC0-301F-11D3-BF4B-00C04F79EFBC}") = "CRMAdapterEndpoint", "CRMAdapterEndpoint\CRMAdapterEndpoint.csproj", "{DC811645-B544-4078-AE02-F1A353C6EE7F}"
EndProject
Project("{FAE04EC0-301F-11D3-BF4B-00C04F79EFBC}") = "CustomerManagementMessages", "CustomerManagementMessages\CustomerManagementMessages.csproj", "{05C4E8F2-8DE2-4FDF-AEE9-1CBF8B42471F}"
EndProject
Project("{FAE04EC0-301F-11D3-BF4B-00C04F79EFBC}") = "CRMApiGatewayEndpoint", "CRMApiGateway\CRMApiGatewayEndpoint.csproj", "{8F493F91-3081-40C0-97C9-186799F53055}"
EndProject
Project("{FAE04EC0-301F-11D3-BF4B-00C04F79EFBC}") = "CustomerManagementEndpoint", "CustomerManagermentEndpoint\CustomerManagementEndpoint.csproj", "{62A79142-B429-4B8B-9E98-57F0D8B2ECBB}"
EndProject
Project("{FAE04EC0-301F-11D3-BF4B-00C04F79EFBC}") = "FraudManagementEndpoint", "FraudManagementEndpoint\FraudManagementEndpoint.csproj", "{271B7CAC-6E45-4749-947E-6A4F566915A1}"
EndProject
Project("{FAE04EC0-301F-11D3-BF4B-00C04F79EFBC}") = "FraudManagementMessages", "FraudManagementMessages\FraudManagementMessages.csproj", "{F6CA43E3-14B6-49BD-99EA-AE1220C8E766}"
EndProject
Project("{FAE04EC0-301F-11D3-BF4B-00C04F79EFBC}") = "CRMMapping", "CRMMapping\CRMMapping.csproj", "{91051E18-7373-46FA-B657-2A4B20740194}"
EndProject
Global
	GlobalSection(SolutionConfigurationPlatforms) = preSolution
		Debug|Any CPU = Debug|Any CPU
		Release|Any CPU = Release|Any CPU
	EndGlobalSection
	GlobalSection(ProjectConfigurationPlatforms) = postSolution
		{DC811645-B544-4078-AE02-F1A353C6EE7F}.Debug|Any CPU.ActiveCfg = Debug|Any CPU
		{DC811645-B544-4078-AE02-F1A353C6EE7F}.Debug|Any CPU.Build.0 = Debug|Any CPU
		{DC811645-B544-4078-AE02-F1A353C6EE7F}.Release|Any CPU.ActiveCfg = Release|Any CPU
		{DC811645-B544-4078-AE02-F1A353C6EE7F}.Release|Any CPU.Build.0 = Release|Any CPU
		{05C4E8F2-8DE2-4FDF-AEE9-1CBF8B42471F}.Debug|Any CPU.ActiveCfg = Debug|Any CPU
		{05C4E8F2-8DE2-4FDF-AEE9-1CBF8B42471F}.Debug|Any CPU.Build.0 = Debug|Any CPU
		{05C4E8F2-8DE2-4FDF-AEE9-1CBF8B42471F}.Release|Any CPU.ActiveCfg = Release|Any CPU
		{05C4E8F2-8DE2-4FDF-AEE9-1CBF8B42471F}.Release|Any CPU.Build.0 = Release|Any CPU
		{8F493F91-3081-40C0-97C9-186799F53055}.Debug|Any CPU.ActiveCfg = Debug|Any CPU
		{8F493F91-3081-40C0-97C9-186799F53055}.Debug|Any CPU.Build.0 = Debug|Any CPU
		{8F493F91-3081-40C0-97C9-186799F53055}.Release|Any CPU.ActiveCfg = Release|Any CPU
		{8F493F91-3081-40C0-97C9-186799F53055}.Release|Any CPU.Build.0 = Release|Any CPU
		{62A79142-B429-4B8B-9E98-57F0D8B2ECBB}.Debug|Any CPU.ActiveCfg = Debug|Any CPU
		{62A79142-B429-4B8B-9E98-57F0D8B2ECBB}.Debug|Any CPU.Build.0 = Debug|Any CPU
		{62A79142-B429-4B8B-9E98-57F0D8B2ECBB}.Release|Any CPU.ActiveCfg = Release|Any CPU
		{62A79142-B429-4B8B-9E98-57F0D8B2ECBB}.Release|Any CPU.Build.0 = Release|Any CPU
		{271B7CAC-6E45-4749-947E-6A4F566915A1}.Debug|Any CPU.ActiveCfg = Debug|Any CPU
		{271B7CAC-6E45-4749-947E-6A4F566915A1}.Debug|Any CPU.Build.0 = Debug|Any CPU
		{271B7CAC-6E45-4749-947E-6A4F566915A1}.Release|Any CPU.ActiveCfg = Release|Any CPU
		{271B7CAC-6E45-4749-947E-6A4F566915A1}.Release|Any CPU.Build.0 = Release|Any CPU
		{F6CA43E3-14B6-49BD-99EA-AE1220C8E766}.Debug|Any CPU.ActiveCfg = Debug|Any CPU
		{F6CA43E3-14B6-49BD-99EA-AE1220C8E766}.Debug|Any CPU.Build.0 = Debug|Any CPU
		{F6CA43E3-14B6-49BD-99EA-AE1220C8E766}.Release|Any CPU.ActiveCfg = Release|Any CPU
		{F6CA43E3-14B6-49BD-99EA-AE1220C8E766}.Release|Any CPU.Build.0 = Release|Any CPU
		{91051E18-7373-46FA-B657-2A4B20740194}.Debug|Any CPU.ActiveCfg = Debug|Any CPU
		{91051E18-7373-46FA-B657-2A4B20740194}.Debug|Any CPU.Build.0 = Debug|Any CPU
		{91051E18-7373-46FA-B657-2A4B20740194}.Release|Any CPU.ActiveCfg = Release|Any CPU
		{91051E18-7373-46FA-B657-2A4B20740194}.Release|Any CPU.Build.0 = Release|Any CPU
	EndGlobalSection
	GlobalSection(SolutionProperties) = preSolution
		HideSolutionNode = FALSE
	EndGlobalSection
EndGlobal
